# Generated by move; do not edit
# This file should be checked in.

[move]
version = 4

[pinned.testnet.AptosStdlib]
source = { git = "https://github.com/Entropy-Foundation/aptos-core.git", subdir = 'aptos-move\framework\aptos-stdlib', rev = "7f9a4471a1c29168ba5a109bf03d27a0a21f58f0" }
use_environment = "testnet"
manifest_digest = "7AFB66695545775FBFBB2D3078ADFD084244D5002392E837FDE21D9EA1C6D01C"
deps = { MoveStdlib = "MoveStdlib_1" }

[pinned.testnet.MoveStdlib]
source = { git = "https://github.com/MystenLabs/sui.git", subdir = 'crates\sui-framework\packages\move-stdlib', rev = "22f9fc9781732d651e18384c9a8eb1dabddf73a6" }
use_environment = "testnet"
manifest_digest = "C4FE4C91DE74CBF223B2E380AE40F592177D21870DC2D7EB6227D2D694E05363"
deps = {}

[pinned.testnet.MoveStdlib_1]
source = { git = "https://github.com/Entropy-Foundation/aptos-core.git", subdir = 'aptos-move\framework\move-stdlib', rev = "7f9a4471a1c29168ba5a109bf03d27a0a21f58f0" }
use_environment = "testnet"
manifest_digest = "C4FE4C91DE74CBF223B2E380AE40F592177D21870DC2D7EB6227D2D694E05363"
deps = {}

[pinned.testnet.QiaraZK]
source = { root = true }
use_environment = "testnet"
manifest_digest = "A5C518449D0F7277DD81FFEE19661E9582A50B31AC5B85C156494854A58A7E90"
deps = { AptosStdlib = "AptosStdlib", std = "MoveStdlib", sui = "Sui" }

[pinned.testnet.Sui]
source = { git = "https://github.com/MystenLabs/sui.git", subdir = 'crates\sui-framework\packages\sui-framework', rev = "22f9fc9781732d651e18384c9a8eb1dabddf73a6" }
use_environment = "testnet"
manifest_digest = "7AFB66695545775FBFBB2D3078ADFD084244D5002392E837FDE21D9EA1C6D01C"
deps = { MoveStdlib = "MoveStdlib" }
